
Microsoft Visual Studio Solution File, Format Version 12.00
# Visual Studio Version 17
VisualStudioVersion = 17.0.32112.339
MinimumVisualStudioVersion = 10.0.40219.1
Project("{9A19103F-16F7-4668-BE54-9A1E7A4F7556}") = "CapyCSS", "CapybaraVS\CapyCSS.csproj", "{FB4886E8-B102-4083-AB66-3AC1B571F16B}"
EndProject
Project("{9A19103F-16F7-4668-BE54-9A1E7A4F7556}") = "CapyCSSattribute", "CapyCSSattribute\CapyCSSattribute.csproj", "{281D4013-0E31-4B77-B33B-DEEF5740E00C}"
EndProject
Project("{FAE04EC0-301F-11D3-BF4B-00C04F79EFBC}") = "CapyCSSbase", "CapyCSSbase\CapyCSSbase.csproj", "{6570FEA5-0238-4FCC-84EC-B22CCAA77A53}"
EndProject
Global
	GlobalSection(SolutionConfigurationPlatforms) = preSolution
		Debug|Any CPU = Debug|Any CPU
		Release|Any CPU = Release|Any CPU
	EndGlobalSection
	GlobalSection(ProjectConfigurationPlatforms) = postSolution
		{FB4886E8-B102-4083-AB66-3AC1B571F16B}.Debug|Any CPU.ActiveCfg = Debug|Any CPU
		{FB4886E8-B102-4083-AB66-3AC1B571F16B}.Debug|Any CPU.Build.0 = Debug|Any CPU
		{FB4886E8-B102-4083-AB66-3AC1B571F16B}.Release|Any CPU.ActiveCfg = Release|Any CPU
		{FB4886E8-B102-4083-AB66-3AC1B571F16B}.Release|Any CPU.Build.0 = Release|Any CPU
		{281D4013-0E31-4B77-B33B-DEEF5740E00C}.Debug|Any CPU.ActiveCfg = Debug|Any CPU
		{281D4013-0E31-4B77-B33B-DEEF5740E00C}.Debug|Any CPU.Build.0 = Debug|Any CPU
		{281D4013-0E31-4B77-B33B-DEEF5740E00C}.Release|Any CPU.ActiveCfg = Release|Any CPU
		{281D4013-0E31-4B77-B33B-DEEF5740E00C}.Release|Any CPU.Build.0 = Release|Any CPU
		{6570FEA5-0238-4FCC-84EC-B22CCAA77A53}.Debug|Any CPU.ActiveCfg = Debug|Any CPU
		{6570FEA5-0238-4FCC-84EC-B22CCAA77A53}.Debug|Any CPU.Build.0 = Debug|Any CPU
		{6570FEA5-0238-4FCC-84EC-B22CCAA77A53}.Release|Any CPU.ActiveCfg = Release|Any CPU
		{6570FEA5-0238-4FCC-84EC-B22CCAA77A53}.Release|Any CPU.Build.0 = Release|Any CPU
	EndGlobalSection
	GlobalSection(SolutionProperties) = preSolution
		HideSolutionNode = FALSE
	EndGlobalSection
	GlobalSection(ExtensibilityGlobals) = postSolution
		SolutionGuid = {98ED5C8C-CD8E-4330-97F4-3B40DAB5BE35}
	EndGlobalSection
EndGlobal
